
Microsoft Visual Studio Solution File, Format Version 12.00
# Visual Studio Version 16
VisualStudioVersion = 16.0.30523.141
MinimumVisualStudioVersion = 10.0.40219.1
Project("{FAE04EC0-301F-11D3-BF4B-00C04F79EFBC}") = "ProyectNewshore", "ProyectNewshore\ProyectNewshore.csproj", "{8CFD552C-3419-44E3-9106-2C2706B20DB0}"
EndProject
Global
	GlobalSection(SolutionConfigurationPlatforms) = preSolution
		Debug|Any CPU = Debug|Any CPU
		Release|Any CPU = Release|Any CPU
	EndGlobalSection
	GlobalSection(ProjectConfigurationPlatforms) = postSolution
		{8CFD552C-3419-44E3-9106-2C2706B20DB0}.Debug|Any CPU.ActiveCfg = Debug|Any CPU
		{8CFD552C-3419-44E3-9106-2C2706B20DB0}.Debug|Any CPU.Build.0 = Debug|Any CPU
		{8CFD552C-3419-44E3-9106-2C2706B20DB0}.Release|Any CPU.ActiveCfg = Release|Any CPU
		{8CFD552C-3419-44E3-9106-2C2706B20DB0}.Release|Any CPU.Build.0 = Release|Any CPU
	EndGlobalSection
	GlobalSection(SolutionProperties) = preSolution
		HideSolutionNode = FALSE
	EndGlobalSection
	GlobalSection(ExtensibilityGlobals) = postSolution
		SolutionGuid = {3172C6F0-FB7B-407F-AC31-6C1F07E2A921}
	EndGlobalSection
EndGlobal
